// !$*UTF8*$!
{
	archiveVersion = 1;
	classes = {
	};
	objectVersion = 56;
	objects = {

/* Begin PBXBuildFile section */
		BDD081EE2B0544CF00433F2E /* AppDelegate.swift in Sources */ = {isa = PBXBuildFile; fileRef = BDD081ED2B0544CF00433F2E /* AppDelegate.swift */; };
		BDD081F02B0544CF00433F2E /* SceneDelegate.swift in Sources */ = {isa = PBXBuildFile; fileRef = BDD081EF2B0544CF00433F2E /* SceneDelegate.swift */; };
		BDD081F22B0544CF00433F2E /* ViewController.swift in Sources */ = {isa = PBXBuildFile; fileRef = BDD081F12B0544CF00433F2E /* ViewController.swift */; };
		BDD081F72B0544D000433F2E /* Assets.xcassets in Resources */ = {isa = PBXBuildFile; fileRef = BDD081F62B0544D000433F2E /* Assets.xcassets */; };
		BDD081FA2B0544D000433F2E /* LaunchScreen.storyboard in Resources */ = {isa = PBXBuildFile; fileRef = BDD081F82B0544D000433F2E /* LaunchScreen.storyboard */; };
		BDD082032B0688B300433F2E /* UIImage+Extensions.swift in Sources */ = {isa = PBXBuildFile; fileRef = BDD082022B0688B300433F2E /* UIImage+Extensions.swift */; };
		BDD082052B068A9E00433F2E /* UIFont+Extensions.swift in Sources */ = {isa = PBXBuildFile; fileRef = BDD082042B068A9E00433F2E /* UIFont+Extensions.swift */; };
		BDD082072B068B1300433F2E /* UIColor+Extensions.swift in Sources */ = {isa = PBXBuildFile; fileRef = BDD082062B068B1300433F2E /* UIColor+Extensions.swift */; };
		BDD0820B2B068DFC00433F2E /* TrackersViewController.swift in Sources */ = {isa = PBXBuildFile; fileRef = BDD0820A2B068DFC00433F2E /* TrackersViewController.swift */; };
		BDD0820E2B068EF400433F2E /* TrackerSearchBar.swift in Sources */ = {isa = PBXBuildFile; fileRef = BDD0820D2B068EF400433F2E /* TrackerSearchBar.swift */; };
		BDD082112B068FA700433F2E /* TrackerCollectionViewCell.swift in Sources */ = {isa = PBXBuildFile; fileRef = BDD082102B068FA700433F2E /* TrackerCollectionViewCell.swift */; };
		BDD082132B068FF600433F2E /* TrackerCollectionViewSectionHeader.swift in Sources */ = {isa = PBXBuildFile; fileRef = BDD082122B068FF600433F2E /* TrackerCollectionViewSectionHeader.swift */; };
		BDD082152B06905100433F2E /* TrackerCollectionViewDataSource.swift in Sources */ = {isa = PBXBuildFile; fileRef = BDD082142B06905100433F2E /* TrackerCollectionViewDataSource.swift */; };
		BDD082172B0690A400433F2E /* TrackerCollectionViewDelegate.swift in Sources */ = {isa = PBXBuildFile; fileRef = BDD082162B0690A400433F2E /* TrackerCollectionViewDelegate.swift */; };
		BDD082192B0690F600433F2E /* GeometricParams.swift in Sources */ = {isa = PBXBuildFile; fileRef = BDD082182B0690F600433F2E /* GeometricParams.swift */; };
		BDD0821C2B06937000433F2E /* Tracker.swift in Sources */ = {isa = PBXBuildFile; fileRef = BDD0821B2B06937000433F2E /* Tracker.swift */; };
		BDD0821E2B0693EB00433F2E /* Weekday.swift in Sources */ = {isa = PBXBuildFile; fileRef = BDD0821D2B0693EB00433F2E /* Weekday.swift */; };
		BDD082202B0694C400433F2E /* PlaceholderView.swift in Sources */ = {isa = PBXBuildFile; fileRef = BDD0821F2B0694C400433F2E /* PlaceholderView.swift */; };
		BDD082232B06959500433F2E /* DataManager.swift in Sources */ = {isa = PBXBuildFile; fileRef = BDD082222B06959500433F2E /* DataManager.swift */; };
/* End PBXBuildFile section */

/* Begin PBXFileReference section */
		BDD081EA2B0544CF00433F2E /* Tracker.app */ = {isa = PBXFileReference; explicitFileType = wrapper.application; includeInIndex = 0; path = Tracker.app; sourceTree = BUILT_PRODUCTS_DIR; };
		BDD081ED2B0544CF00433F2E /* AppDelegate.swift */ = {isa = PBXFileReference; lastKnownFileType = sourcecode.swift; path = AppDelegate.swift; sourceTree = "<group>"; };
		BDD081EF2B0544CF00433F2E /* SceneDelegate.swift */ = {isa = PBXFileReference; lastKnownFileType = sourcecode.swift; path = SceneDelegate.swift; sourceTree = "<group>"; };
		BDD081F12B0544CF00433F2E /* ViewController.swift */ = {isa = PBXFileReference; lastKnownFileType = sourcecode.swift; path = ViewController.swift; sourceTree = "<group>"; };
		BDD081F62B0544D000433F2E /* Assets.xcassets */ = {isa = PBXFileReference; lastKnownFileType = folder.assetcatalog; path = Assets.xcassets; sourceTree = "<group>"; };
		BDD081F92B0544D000433F2E /* Base */ = {isa = PBXFileReference; lastKnownFileType = file.storyboard; name = Base; path = Base.lproj/LaunchScreen.storyboard; sourceTree = "<group>"; };
		BDD081FB2B0544D000433F2E /* Info.plist */ = {isa = PBXFileReference; lastKnownFileType = text.plist.xml; path = Info.plist; sourceTree = "<group>"; };
		BDD082022B0688B300433F2E /* UIImage+Extensions.swift */ = {isa = PBXFileReference; lastKnownFileType = sourcecode.swift; path = "UIImage+Extensions.swift"; sourceTree = "<group>"; };
		BDD082042B068A9E00433F2E /* UIFont+Extensions.swift */ = {isa = PBXFileReference; lastKnownFileType = sourcecode.swift; path = "UIFont+Extensions.swift"; sourceTree = "<group>"; };
		BDD082062B068B1300433F2E /* UIColor+Extensions.swift */ = {isa = PBXFileReference; lastKnownFileType = sourcecode.swift; path = "UIColor+Extensions.swift"; sourceTree = "<group>"; };
		BDD0820A2B068DFC00433F2E /* TrackersViewController.swift */ = {isa = PBXFileReference; lastKnownFileType = sourcecode.swift; path = TrackersViewController.swift; sourceTree = "<group>"; };
		BDD0820D2B068EF400433F2E /* TrackerSearchBar.swift */ = {isa = PBXFileReference; lastKnownFileType = sourcecode.swift; path = TrackerSearchBar.swift; sourceTree = "<group>"; };
		BDD082102B068FA700433F2E /* TrackerCollectionViewCell.swift */ = {isa = PBXFileReference; lastKnownFileType = sourcecode.swift; path = TrackerCollectionViewCell.swift; sourceTree = "<group>"; };
		BDD082122B068FF600433F2E /* TrackerCollectionViewSectionHeader.swift */ = {isa = PBXFileReference; lastKnownFileType = sourcecode.swift; path = TrackerCollectionViewSectionHeader.swift; sourceTree = "<group>"; };
		BDD082142B06905100433F2E /* TrackerCollectionViewDataSource.swift */ = {isa = PBXFileReference; lastKnownFileType = sourcecode.swift; path = TrackerCollectionViewDataSource.swift; sourceTree = "<group>"; };
		BDD082162B0690A400433F2E /* TrackerCollectionViewDelegate.swift */ = {isa = PBXFileReference; lastKnownFileType = sourcecode.swift; path = TrackerCollectionViewDelegate.swift; sourceTree = "<group>"; };
		BDD082182B0690F600433F2E /* GeometricParams.swift */ = {isa = PBXFileReference; lastKnownFileType = sourcecode.swift; path = GeometricParams.swift; sourceTree = "<group>"; };
		BDD0821B2B06937000433F2E /* Tracker.swift */ = {isa = PBXFileReference; lastKnownFileType = sourcecode.swift; path = Tracker.swift; sourceTree = "<group>"; };
		BDD0821D2B0693EB00433F2E /* Weekday.swift */ = {isa = PBXFileReference; lastKnownFileType = sourcecode.swift; path = Weekday.swift; sourceTree = "<group>"; };
		BDD0821F2B0694C400433F2E /* PlaceholderView.swift */ = {isa = PBXFileReference; lastKnownFileType = sourcecode.swift; path = PlaceholderView.swift; sourceTree = "<group>"; };
		BDD082222B06959500433F2E /* DataManager.swift */ = {isa = PBXFileReference; lastKnownFileType = sourcecode.swift; path = DataManager.swift; sourceTree = "<group>"; };
/* End PBXFileReference section */

/* Begin PBXFrameworksBuildPhase section */
		BDD081E72B0544CF00433F2E /* Frameworks */ = {
			isa = PBXFrameworksBuildPhase;
			buildActionMask = 2147483647;
			files = (
			);
			runOnlyForDeploymentPostprocessing = 0;
		};
/* End PBXFrameworksBuildPhase section */

/* Begin PBXGroup section */
		BDD081E12B0544CF00433F2E = {
			isa = PBXGroup;
			children = (
				BDD081EC2B0544CF00433F2E /* Tracker */,
				BDD081EB2B0544CF00433F2E /* Products */,
			);
			sourceTree = "<group>";
		};
		BDD081EB2B0544CF00433F2E /* Products */ = {
			isa = PBXGroup;
			children = (
				BDD081EA2B0544CF00433F2E /* Tracker.app */,
			);
			name = Products;
			sourceTree = "<group>";
		};
		BDD081EC2B0544CF00433F2E /* Tracker */ = {
			isa = PBXGroup;
			children = (
				BDD082212B06954A00433F2E /* Services */,
				BDD0821A2B06935300433F2E /* Models */,
				BDD082082B068D2500433F2E /* TrackersTab */,
				BDD082012B06889100433F2E /* Helpers */,
				BDD081ED2B0544CF00433F2E /* AppDelegate.swift */,
				BDD081EF2B0544CF00433F2E /* SceneDelegate.swift */,
				BDD081F12B0544CF00433F2E /* ViewController.swift */,
				BDD081F62B0544D000433F2E /* Assets.xcassets */,
				BDD081F82B0544D000433F2E /* LaunchScreen.storyboard */,
				BDD081FB2B0544D000433F2E /* Info.plist */,
			);
			path = Tracker;
			sourceTree = "<group>";
		};
		BDD082012B06889100433F2E /* Helpers */ = {
			isa = PBXGroup;
			children = (
				BDD082022B0688B300433F2E /* UIImage+Extensions.swift */,
				BDD082042B068A9E00433F2E /* UIFont+Extensions.swift */,
				BDD082062B068B1300433F2E /* UIColor+Extensions.swift */,
				BDD082182B0690F600433F2E /* GeometricParams.swift */,
				BDD0821F2B0694C400433F2E /* PlaceholderView.swift */,
			);
			path = Helpers;
			sourceTree = "<group>";
		};
		BDD082082B068D2500433F2E /* TrackersTab */ = {
			isa = PBXGroup;
			children = (
				BDD0820F2B068F3D00433F2E /* TrackersCollectionView */,
				BDD0820C2B068EDA00433F2E /* TrackerSearchBar */,
				BDD082092B068D7D00433F2E /* TrackersViewController */,
			);
			path = TrackersTab;
			sourceTree = "<group>";
		};
		BDD082092B068D7D00433F2E /* TrackersViewController */ = {
			isa = PBXGroup;
			children = (
				BDD0820A2B068DFC00433F2E /* TrackersViewController.swift */,
			);
			path = TrackersViewController;
			sourceTree = "<group>";
		};
		BDD0820C2B068EDA00433F2E /* TrackerSearchBar */ = {
			isa = PBXGroup;
			children = (
				BDD0820D2B068EF400433F2E /* TrackerSearchBar.swift */,
			);
			path = TrackerSearchBar;
			sourceTree = "<group>";
		};
		BDD0820F2B068F3D00433F2E /* TrackersCollectionView */ = {
			isa = PBXGroup;
			children = (
				BDD082102B068FA700433F2E /* TrackerCollectionViewCell.swift */,
				BDD082122B068FF600433F2E /* TrackerCollectionViewSectionHeader.swift */,
				BDD082142B06905100433F2E /* TrackerCollectionViewDataSource.swift */,
				BDD082162B0690A400433F2E /* TrackerCollectionViewDelegate.swift */,
			);
			path = TrackersCollectionView;
			sourceTree = "<group>";
		};
		BDD0821A2B06935300433F2E /* Models */ = {
			isa = PBXGroup;
			children = (
				BDD0821B2B06937000433F2E /* Tracker.swift */,
				BDD0821D2B0693EB00433F2E /* Weekday.swift */,
			);
			path = Models;
			sourceTree = "<group>";
		};
		BDD082212B06954A00433F2E /* Services */ = {
			isa = PBXGroup;
			children = (
				BDD082222B06959500433F2E /* DataManager.swift */,
			);
			path = Services;
			sourceTree = "<group>";
		};
/* End PBXGroup section */

/* Begin PBXNativeTarget section */
		BDD081E92B0544CF00433F2E /* Tracker */ = {
			isa = PBXNativeTarget;
			buildConfigurationList = BDD081FE2B0544D000433F2E /* Build configuration list for PBXNativeTarget "Tracker" */;
			buildPhases = (
				BDD081E62B0544CF00433F2E /* Sources */,
				BDD081E72B0544CF00433F2E /* Frameworks */,
				BDD081E82B0544CF00433F2E /* Resources */,
			);
			buildRules = (
			);
			dependencies = (
			);
			name = Tracker;
			productName = Tracker;
			productReference = BDD081EA2B0544CF00433F2E /* Tracker.app */;
			productType = "com.apple.product-type.application";
		};
/* End PBXNativeTarget section */

/* Begin PBXProject section */
		BDD081E22B0544CF00433F2E /* Project object */ = {
			isa = PBXProject;
			attributes = {
				BuildIndependentTargetsInParallel = 1;
				LastSwiftUpdateCheck = 1430;
				LastUpgradeCheck = 1430;
				TargetAttributes = {
					BDD081E92B0544CF00433F2E = {
						CreatedOnToolsVersion = 14.3.1;
					};
				};
			};
			buildConfigurationList = BDD081E52B0544CF00433F2E /* Build configuration list for PBXProject "Tracker" */;
			compatibilityVersion = "Xcode 14.0";
			developmentRegion = en;
			hasScannedForEncodings = 0;
			knownRegions = (
				en,
				Base,
			);
			mainGroup = BDD081E12B0544CF00433F2E;
			productRefGroup = BDD081EB2B0544CF00433F2E /* Products */;
			projectDirPath = "";
			projectRoot = "";
			targets = (
				BDD081E92B0544CF00433F2E /* Tracker */,
			);
		};
/* End PBXProject section */

/* Begin PBXResourcesBuildPhase section */
		BDD081E82B0544CF00433F2E /* Resources */ = {
			isa = PBXResourcesBuildPhase;
			buildActionMask = 2147483647;
			files = (
				BDD081FA2B0544D000433F2E /* LaunchScreen.storyboard in Resources */,
				BDD081F72B0544D000433F2E /* Assets.xcassets in Resources */,
			);
			runOnlyForDeploymentPostprocessing = 0;
		};
/* End PBXResourcesBuildPhase section */

/* Begin PBXSourcesBuildPhase section */
		BDD081E62B0544CF00433F2E /* Sources */ = {
			isa = PBXSourcesBuildPhase;
			buildActionMask = 2147483647;
			files = (
				BDD082172B0690A400433F2E /* TrackerCollectionViewDelegate.swift in Sources */,
				BDD0820E2B068EF400433F2E /* TrackerSearchBar.swift in Sources */,
				BDD081F22B0544CF00433F2E /* ViewController.swift in Sources */,
				BDD082072B068B1300433F2E /* UIColor+Extensions.swift in Sources */,
				BDD0820B2B068DFC00433F2E /* TrackersViewController.swift in Sources */,
				BDD082132B068FF600433F2E /* TrackerCollectionViewSectionHeader.swift in Sources */,
				BDD0821C2B06937000433F2E /* Tracker.swift in Sources */,
				BDD082152B06905100433F2E /* TrackerCollectionViewDataSource.swift in Sources */,
				BDD082112B068FA700433F2E /* TrackerCollectionViewCell.swift in Sources */,
				BDD082232B06959500433F2E /* DataManager.swift in Sources */,
				BDD081EE2B0544CF00433F2E /* AppDelegate.swift in Sources */,
				BDD081F02B0544CF00433F2E /* SceneDelegate.swift in Sources */,
				BDD0821E2B0693EB00433F2E /* Weekday.swift in Sources */,
				BDD082052B068A9E00433F2E /* UIFont+Extensions.swift in Sources */,
				BDD082032B0688B300433F2E /* UIImage+Extensions.swift in Sources */,
				BDD082202B0694C400433F2E /* PlaceholderView.swift in Sources */,
				BDD082192B0690F600433F2E /* GeometricParams.swift in Sources */,
			);
			runOnlyForDeploymentPostprocessing = 0;
		};
/* End PBXSourcesBuildPhase section */

/* Begin PBXVariantGroup section */
		BDD081F82B0544D000433F2E /* LaunchScreen.storyboard */ = {
			isa = PBXVariantGroup;
			children = (
				BDD081F92B0544D000433F2E /* Base */,
			);
			name = LaunchScreen.storyboard;
			sourceTree = "<group>";
		};
/* End PBXVariantGroup section */

/* Begin XCBuildConfiguration section */
		BDD081FC2B0544D000433F2E /* Debug */ = {
			isa = XCBuildConfiguration;
			buildSettings = {
				ALWAYS_SEARCH_USER_PATHS = NO;
				CLANG_ANALYZER_NONNULL = YES;
				CLANG_ANALYZER_NUMBER_OBJECT_CONVERSION = YES_AGGRESSIVE;
				CLANG_CXX_LANGUAGE_STANDARD = "gnu++20";
				CLANG_ENABLE_MODULES = YES;
				CLANG_ENABLE_OBJC_ARC = YES;
				CLANG_ENABLE_OBJC_WEAK = YES;
				CLANG_WARN_BLOCK_CAPTURE_AUTORELEASING = YES;
				CLANG_WARN_BOOL_CONVERSION = YES;
				CLANG_WARN_COMMA = YES;
				CLANG_WARN_CONSTANT_CONVERSION = YES;
				CLANG_WARN_DEPRECATED_OBJC_IMPLEMENTATIONS = YES;
				CLANG_WARN_DIRECT_OBJC_ISA_USAGE = YES_ERROR;
				CLANG_WARN_DOCUMENTATION_COMMENTS = YES;
				CLANG_WARN_EMPTY_BODY = YES;
				CLANG_WARN_ENUM_CONVERSION = YES;
				CLANG_WARN_INFINITE_RECURSION = YES;
				CLANG_WARN_INT_CONVERSION = YES;
				CLANG_WARN_NON_LITERAL_NULL_CONVERSION = YES;
				CLANG_WARN_OBJC_IMPLICIT_RETAIN_SELF = YES;
				CLANG_WARN_OBJC_LITERAL_CONVERSION = YES;
				CLANG_WARN_OBJC_ROOT_CLASS = YES_ERROR;
				CLANG_WARN_QUOTED_INCLUDE_IN_FRAMEWORK_HEADER = YES;
				CLANG_WARN_RANGE_LOOP_ANALYSIS = YES;
				CLANG_WARN_STRICT_PROTOTYPES = YES;
				CLANG_WARN_SUSPICIOUS_MOVE = YES;
				CLANG_WARN_UNGUARDED_AVAILABILITY = YES_AGGRESSIVE;
				CLANG_WARN_UNREACHABLE_CODE = YES;
				CLANG_WARN__DUPLICATE_METHOD_MATCH = YES;
				COPY_PHASE_STRIP = NO;
				DEBUG_INFORMATION_FORMAT = dwarf;
				ENABLE_STRICT_OBJC_MSGSEND = YES;
				ENABLE_TESTABILITY = YES;
				GCC_C_LANGUAGE_STANDARD = gnu11;
				GCC_DYNAMIC_NO_PIC = NO;
				GCC_NO_COMMON_BLOCKS = YES;
				GCC_OPTIMIZATION_LEVEL = 0;
				GCC_PREPROCESSOR_DEFINITIONS = (
					"DEBUG=1",
					"$(inherited)",
				);
				GCC_WARN_64_TO_32_BIT_CONVERSION = YES;
				GCC_WARN_ABOUT_RETURN_TYPE = YES_ERROR;
				GCC_WARN_UNDECLARED_SELECTOR = YES;
				GCC_WARN_UNINITIALIZED_AUTOS = YES_AGGRESSIVE;
				GCC_WARN_UNUSED_FUNCTION = YES;
				GCC_WARN_UNUSED_VARIABLE = YES;
				IPHONEOS_DEPLOYMENT_TARGET = 13.4;
				MTL_ENABLE_DEBUG_INFO = INCLUDE_SOURCE;
				MTL_FAST_MATH = YES;
				ONLY_ACTIVE_ARCH = YES;
				SDKROOT = iphoneos;
				SWIFT_ACTIVE_COMPILATION_CONDITIONS = DEBUG;
				SWIFT_OPTIMIZATION_LEVEL = "-Onone";
			};
			name = Debug;
		};
		BDD081FD2B0544D000433F2E /* Release */ = {
			isa = XCBuildConfiguration;
			buildSettings = {
				ALWAYS_SEARCH_USER_PATHS = NO;
				CLANG_ANALYZER_NONNULL = YES;
				CLANG_ANALYZER_NUMBER_OBJECT_CONVERSION = YES_AGGRESSIVE;
				CLANG_CXX_LANGUAGE_STANDARD = "gnu++20";
				CLANG_ENABLE_MODULES = YES;
				CLANG_ENABLE_OBJC_ARC = YES;
				CLANG_ENABLE_OBJC_WEAK = YES;
				CLANG_WARN_BLOCK_CAPTURE_AUTORELEASING = YES;
				CLANG_WARN_BOOL_CONVERSION = YES;
				CLANG_WARN_COMMA = YES;
				CLANG_WARN_CONSTANT_CONVERSION = YES;
				CLANG_WARN_DEPRECATED_OBJC_IMPLEMENTATIONS = YES;
				CLANG_WARN_DIRECT_OBJC_ISA_USAGE = YES_ERROR;
				CLANG_WARN_DOCUMENTATION_COMMENTS = YES;
				CLANG_WARN_EMPTY_BODY = YES;
				CLANG_WARN_ENUM_CONVERSION = YES;
				CLANG_WARN_INFINITE_RECURSION = YES;
				CLANG_WARN_INT_CONVERSION = YES;
				CLANG_WARN_NON_LITERAL_NULL_CONVERSION = YES;
				CLANG_WARN_OBJC_IMPLICIT_RETAIN_SELF = YES;
				CLANG_WARN_OBJC_LITERAL_CONVERSION = YES;
				CLANG_WARN_OBJC_ROOT_CLASS = YES_ERROR;
				CLANG_WARN_QUOTED_INCLUDE_IN_FRAMEWORK_HEADER = YES;
				CLANG_WARN_RANGE_LOOP_ANALYSIS = YES;
				CLANG_WARN_STRICT_PROTOTYPES = YES;
				CLANG_WARN_SUSPICIOUS_MOVE = YES;
				CLANG_WARN_UNGUARDED_AVAILABILITY = YES_AGGRESSIVE;
				CLANG_WARN_UNREACHABLE_CODE = YES;
				CLANG_WARN__DUPLICATE_METHOD_MATCH = YES;
				COPY_PHASE_STRIP = NO;
				DEBUG_INFORMATION_FORMAT = "dwarf-with-dsym";
				ENABLE_NS_ASSERTIONS = NO;
				ENABLE_STRICT_OBJC_MSGSEND = YES;
				GCC_C_LANGUAGE_STANDARD = gnu11;
				GCC_NO_COMMON_BLOCKS = YES;
				GCC_WARN_64_TO_32_BIT_CONVERSION = YES;
				GCC_WARN_ABOUT_RETURN_TYPE = YES_ERROR;
				GCC_WARN_UNDECLARED_SELECTOR = YES;
				GCC_WARN_UNINITIALIZED_AUTOS = YES_AGGRESSIVE;
				GCC_WARN_UNUSED_FUNCTION = YES;
				GCC_WARN_UNUSED_VARIABLE = YES;
				IPHONEOS_DEPLOYMENT_TARGET = 13.4;
				MTL_ENABLE_DEBUG_INFO = NO;
				MTL_FAST_MATH = YES;
				SDKROOT = iphoneos;
				SWIFT_COMPILATION_MODE = wholemodule;
				SWIFT_OPTIMIZATION_LEVEL = "-O";
				VALIDATE_PRODUCT = YES;
			};
			name = Release;
		};
		BDD081FF2B0544D000433F2E /* Debug */ = {
			isa = XCBuildConfiguration;
			buildSettings = {
				ASSETCATALOG_COMPILER_APPICON_NAME = AppIcon;
				ASSETCATALOG_COMPILER_GLOBAL_ACCENT_COLOR_NAME = AccentColor;
				CODE_SIGN_STYLE = Automatic;
				CURRENT_PROJECT_VERSION = 1;
				DEVELOPMENT_TEAM = 753K48DWA5;
				GENERATE_INFOPLIST_FILE = YES;
				INFOPLIST_FILE = Tracker/Info.plist;
				INFOPLIST_KEY_UIApplicationSupportsIndirectInputEvents = YES;
				INFOPLIST_KEY_UILaunchStoryboardName = LaunchScreen;
				INFOPLIST_KEY_UISupportedInterfaceOrientations = UIInterfaceOrientationPortrait;
				INFOPLIST_KEY_UISupportedInterfaceOrientations_iPad = UIInterfaceOrientationPortrait;
				IPHONEOS_DEPLOYMENT_TARGET = 13.4;
				LD_RUNPATH_SEARCH_PATHS = (
					"$(inherited)",
					"@executable_path/Frameworks",
				);
				MARKETING_VERSION = 1.0;
				PRODUCT_BUNDLE_IDENTIFIER = ru.praktikum.Tracker;
				PRODUCT_NAME = "$(TARGET_NAME)";
				SUPPORTED_PLATFORMS = "iphoneos iphonesimulator";
				SUPPORTS_MACCATALYST = NO;
				SUPPORTS_MAC_DESIGNED_FOR_IPHONE_IPAD = NO;
				SWIFT_EMIT_LOC_STRINGS = YES;
				SWIFT_VERSION = 5.0;
				TARGETED_DEVICE_FAMILY = 1;
			};
			name = Debug;
		};
		BDD082002B0544D000433F2E /* Release */ = {
			isa = XCBuildConfiguration;
			buildSettings = {
				ASSETCATALOG_COMPILER_APPICON_NAME = AppIcon;
				ASSETCATALOG_COMPILER_GLOBAL_ACCENT_COLOR_NAME = AccentColor;
				CODE_SIGN_STYLE = Automatic;
				CURRENT_PROJECT_VERSION = 1;
				DEVELOPMENT_TEAM = 753K48DWA5;
				GENERATE_INFOPLIST_FILE = YES;
				INFOPLIST_FILE = Tracker/Info.plist;
				INFOPLIST_KEY_UIApplicationSupportsIndirectInputEvents = YES;
				INFOPLIST_KEY_UILaunchStoryboardName = LaunchScreen;
				INFOPLIST_KEY_UISupportedInterfaceOrientations = UIInterfaceOrientationPortrait;
				INFOPLIST_KEY_UISupportedInterfaceOrientations_iPad = UIInterfaceOrientationPortrait;
				IPHONEOS_DEPLOYMENT_TARGET = 13.4;
				LD_RUNPATH_SEARCH_PATHS = (
					"$(inherited)",
					"@executable_path/Frameworks",
				);
				MARKETING_VERSION = 1.0;
				PRODUCT_BUNDLE_IDENTIFIER = ru.praktikum.Tracker;
				PRODUCT_NAME = "$(TARGET_NAME)";
				SUPPORTED_PLATFORMS = "iphoneos iphonesimulator";
				SUPPORTS_MACCATALYST = NO;
				SUPPORTS_MAC_DESIGNED_FOR_IPHONE_IPAD = NO;
				SWIFT_EMIT_LOC_STRINGS = YES;
				SWIFT_VERSION = 5.0;
				TARGETED_DEVICE_FAMILY = 1;
			};
			name = Release;
		};
/* End XCBuildConfiguration section */

/* Begin XCConfigurationList section */
		BDD081E52B0544CF00433F2E /* Build configuration list for PBXProject "Tracker" */ = {
			isa = XCConfigurationList;
			buildConfigurations = (
				BDD081FC2B0544D000433F2E /* Debug */,
				BDD081FD2B0544D000433F2E /* Release */,
			);
			defaultConfigurationIsVisible = 0;
			defaultConfigurationName = Release;
		};
		BDD081FE2B0544D000433F2E /* Build configuration list for PBXNativeTarget "Tracker" */ = {
			isa = XCConfigurationList;
			buildConfigurations = (
				BDD081FF2B0544D000433F2E /* Debug */,
				BDD082002B0544D000433F2E /* Release */,
			);
			defaultConfigurationIsVisible = 0;
			defaultConfigurationName = Release;
		};
/* End XCConfigurationList section */
	};
	rootObject = BDD081E22B0544CF00433F2E /* Project object */;
}
